// !$*UTF8*$!
{
	archiveVersion = 1;
	classes = {
	};
	objectVersion = 56;
	objects = {

/* Begin PBXBuildFile section */
		85A56D4AEFA01F66EA109176 /* Pods_minty.framework in Frameworks */ = {isa = PBXBuildFile; fileRef = 81B94EB1E8A9AB8EC6F0328D /* Pods_minty.framework */; };
		B80054C62BADF0B400A9F33D /* Category.swift in Sources */ = {isa = PBXBuildFile; fileRef = B80054C52BADF0B400A9F33D /* Category.swift */; };
		B864672E2BDDF0ED00A8975D /* StatisticsView.swift in Sources */ = {isa = PBXBuildFile; fileRef = B864672D2BDDF0ED00A8975D /* StatisticsView.swift */; };
		B88A8D6C2BB8979100B4A67D /* TransactionDetailsView.swift in Sources */ = {isa = PBXBuildFile; fileRef = B88A8D6B2BB8979100B4A67D /* TransactionDetailsView.swift */; };
		B88A8D6E2BB89E7D00B4A67D /* EditTransactionView.swift in Sources */ = {isa = PBXBuildFile; fileRef = B88A8D6D2BB89E7D00B4A67D /* EditTransactionView.swift */; };
		B88ABBB92B509B6100CD9BD2 /* mintyApp.swift in Sources */ = {isa = PBXBuildFile; fileRef = B88ABBB82B509B6100CD9BD2 /* mintyApp.swift */; };
		B88ABBBB2B509B6100CD9BD2 /* ContentView.swift in Sources */ = {isa = PBXBuildFile; fileRef = B88ABBBA2B509B6100CD9BD2 /* ContentView.swift */; };
		B88ABBBD2B509B6200CD9BD2 /* Assets.xcassets in Resources */ = {isa = PBXBuildFile; fileRef = B88ABBBC2B509B6200CD9BD2 /* Assets.xcassets */; };
		B88ABBC02B509B6200CD9BD2 /* Preview Assets.xcassets in Resources */ = {isa = PBXBuildFile; fileRef = B88ABBBF2B509B6200CD9BD2 /* Preview Assets.xcassets */; };
		B88ABBC72B509D8A00CD9BD2 /* Transaction.swift in Sources */ = {isa = PBXBuildFile; fileRef = B88ABBC62B509D8A00CD9BD2 /* Transaction.swift */; };
		B8A40E522BD9BD6900B35DF1 /* FilterView.swift in Sources */ = {isa = PBXBuildFile; fileRef = B8A40E512BD9BD6900B35DF1 /* FilterView.swift */; };
		B8A40E552BD9CBF200B35DF1 /* DatePickerOptional.swift in Sources */ = {isa = PBXBuildFile; fileRef = B8A40E542BD9CBF200B35DF1 /* DatePickerOptional.swift */; };
		B8D488B22BAF9E16005A6CD5 /* DatabaseManager.swift in Sources */ = {isa = PBXBuildFile; fileRef = B8D488B12BAF9E16005A6CD5 /* DatabaseManager.swift */; };
		B8D488B42BAF9EBF005A6CD5 /* TransactionManager.swift in Sources */ = {isa = PBXBuildFile; fileRef = B8D488B32BAF9EBF005A6CD5 /* TransactionManager.swift */; };
		B8D488B62BAF9FF1005A6CD5 /* CategoryManager.swift in Sources */ = {isa = PBXBuildFile; fileRef = B8D488B52BAF9FF1005A6CD5 /* CategoryManager.swift */; };
		B8D488BA2BAFA923005A6CD5 /* TransactionViewModel.swift in Sources */ = {isa = PBXBuildFile; fileRef = B8D488B92BAFA923005A6CD5 /* TransactionViewModel.swift */; };
		B8D488BC2BB0A8B4005A6CD5 /* CategoryViewModel.swift in Sources */ = {isa = PBXBuildFile; fileRef = B8D488BB2BB0A8B4005A6CD5 /* CategoryViewModel.swift */; };
/* End PBXBuildFile section */

/* Begin PBXFileReference section */
		81B94EB1E8A9AB8EC6F0328D /* Pods_minty.framework */ = {isa = PBXFileReference; explicitFileType = wrapper.framework; includeInIndex = 0; path = Pods_minty.framework; sourceTree = BUILT_PRODUCTS_DIR; };
		957B4951114CA7BAC3FD7F75 /* Pods-minty.release.xcconfig */ = {isa = PBXFileReference; includeInIndex = 1; lastKnownFileType = text.xcconfig; name = "Pods-minty.release.xcconfig"; path = "Target Support Files/Pods-minty/Pods-minty.release.xcconfig"; sourceTree = "<group>"; };
		B80054C52BADF0B400A9F33D /* Category.swift */ = {isa = PBXFileReference; lastKnownFileType = sourcecode.swift; path = Category.swift; sourceTree = "<group>"; };
		B864672D2BDDF0ED00A8975D /* StatisticsView.swift */ = {isa = PBXFileReference; lastKnownFileType = sourcecode.swift; path = StatisticsView.swift; sourceTree = "<group>"; };
		B88A8D6B2BB8979100B4A67D /* TransactionDetailsView.swift */ = {isa = PBXFileReference; lastKnownFileType = sourcecode.swift; path = TransactionDetailsView.swift; sourceTree = "<group>"; };
		B88A8D6D2BB89E7D00B4A67D /* EditTransactionView.swift */ = {isa = PBXFileReference; lastKnownFileType = sourcecode.swift; path = EditTransactionView.swift; sourceTree = "<group>"; };
		B88ABBB52B509B6100CD9BD2 /* minty.app */ = {isa = PBXFileReference; explicitFileType = wrapper.application; includeInIndex = 0; path = minty.app; sourceTree = BUILT_PRODUCTS_DIR; };
		B88ABBB82B509B6100CD9BD2 /* mintyApp.swift */ = {isa = PBXFileReference; lastKnownFileType = sourcecode.swift; path = mintyApp.swift; sourceTree = "<group>"; };
		B88ABBBA2B509B6100CD9BD2 /* ContentView.swift */ = {isa = PBXFileReference; lastKnownFileType = sourcecode.swift; path = ContentView.swift; sourceTree = "<group>"; };
		B88ABBBC2B509B6200CD9BD2 /* Assets.xcassets */ = {isa = PBXFileReference; lastKnownFileType = folder.assetcatalog; path = Assets.xcassets; sourceTree = "<group>"; };
		B88ABBBF2B509B6200CD9BD2 /* Preview Assets.xcassets */ = {isa = PBXFileReference; lastKnownFileType = folder.assetcatalog; path = "Preview Assets.xcassets"; sourceTree = "<group>"; };
		B88ABBC62B509D8A00CD9BD2 /* Transaction.swift */ = {isa = PBXFileReference; lastKnownFileType = sourcecode.swift; path = Transaction.swift; sourceTree = "<group>"; };
		B8A40E512BD9BD6900B35DF1 /* FilterView.swift */ = {isa = PBXFileReference; lastKnownFileType = sourcecode.swift; path = FilterView.swift; sourceTree = "<group>"; };
		B8A40E542BD9CBF200B35DF1 /* DatePickerOptional.swift */ = {isa = PBXFileReference; lastKnownFileType = sourcecode.swift; path = DatePickerOptional.swift; sourceTree = "<group>"; };
		B8D488B12BAF9E16005A6CD5 /* DatabaseManager.swift */ = {isa = PBXFileReference; lastKnownFileType = sourcecode.swift; path = DatabaseManager.swift; sourceTree = "<group>"; };
		B8D488B32BAF9EBF005A6CD5 /* TransactionManager.swift */ = {isa = PBXFileReference; lastKnownFileType = sourcecode.swift; path = TransactionManager.swift; sourceTree = "<group>"; };
		B8D488B52BAF9FF1005A6CD5 /* CategoryManager.swift */ = {isa = PBXFileReference; lastKnownFileType = sourcecode.swift; path = CategoryManager.swift; sourceTree = "<group>"; };
		B8D488B92BAFA923005A6CD5 /* TransactionViewModel.swift */ = {isa = PBXFileReference; lastKnownFileType = sourcecode.swift; path = TransactionViewModel.swift; sourceTree = "<group>"; };
		B8D488BB2BB0A8B4005A6CD5 /* CategoryViewModel.swift */ = {isa = PBXFileReference; lastKnownFileType = sourcecode.swift; path = CategoryViewModel.swift; sourceTree = "<group>"; };
		BA4F47FFADBC56C380920CD5 /* Pods-minty.debug.xcconfig */ = {isa = PBXFileReference; includeInIndex = 1; lastKnownFileType = text.xcconfig; name = "Pods-minty.debug.xcconfig"; path = "Target Support Files/Pods-minty/Pods-minty.debug.xcconfig"; sourceTree = "<group>"; };
/* End PBXFileReference section */

/* Begin PBXFrameworksBuildPhase section */
		B88ABBB22B509B6100CD9BD2 /* Frameworks */ = {
			isa = PBXFrameworksBuildPhase;
			buildActionMask = 2147483647;
			files = (
				85A56D4AEFA01F66EA109176 /* Pods_minty.framework in Frameworks */,
			);
			runOnlyForDeploymentPostprocessing = 0;
		};
/* End PBXFrameworksBuildPhase section */

/* Begin PBXGroup section */
		4F1814AAC002CDBF10E5A954 /* Frameworks */ = {
			isa = PBXGroup;
			children = (
				81B94EB1E8A9AB8EC6F0328D /* Pods_minty.framework */,
			);
			name = Frameworks;
			sourceTree = "<group>";
		};
		B88A8D6A2BB8976500B4A67D /* Transaction */ = {
			isa = PBXGroup;
			children = (
				B8D488B92BAFA923005A6CD5 /* TransactionViewModel.swift */,
				B88A8D6B2BB8979100B4A67D /* TransactionDetailsView.swift */,
				B88A8D6D2BB89E7D00B4A67D /* EditTransactionView.swift */,
			);
			path = Transaction;
			sourceTree = "<group>";
		};
		B88ABBAC2B509B6100CD9BD2 = {
			isa = PBXGroup;
			children = (
				B88ABBB72B509B6100CD9BD2 /* minty */,
				B88ABBBE2B509B6200CD9BD2 /* Preview Content */,
				B88ABBBC2B509B6200CD9BD2 /* Assets.xcassets */,
				B88ABBB62B509B6100CD9BD2 /* Products */,
				C51B4326961F447D65F2CF76 /* Pods */,
				4F1814AAC002CDBF10E5A954 /* Frameworks */,
			);
			sourceTree = "<group>";
		};
		B88ABBB62B509B6100CD9BD2 /* Products */ = {
			isa = PBXGroup;
			children = (
				B88ABBB52B509B6100CD9BD2 /* minty.app */,
			);
			name = Products;
			sourceTree = "<group>";
		};
		B88ABBB72B509B6100CD9BD2 /* minty */ = {
			isa = PBXGroup;
			children = (
				B8D488AD2BAF9685005A6CD5 /* Application */,
				B8D488AC2BAF9458005A6CD5 /* Models */,
				B8D488AF2BAF98A5005A6CD5 /* Services */,
				B8A40E532BD9CB6C00B35DF1 /* Views */,
			);
			path = minty;
			sourceTree = "<group>";
		};
		B88ABBBE2B509B6200CD9BD2 /* Preview Content */ = {
			isa = PBXGroup;
			children = (
				B88ABBBF2B509B6200CD9BD2 /* Preview Assets.xcassets */,
			);
			path = "Preview Content";
			sourceTree = "<group>";
		};
		B8A40E532BD9CB6C00B35DF1 /* Views */ = {
			isa = PBXGroup;
			children = (
				B8A40E542BD9CBF200B35DF1 /* DatePickerOptional.swift */,
				B864672D2BDDF0ED00A8975D /* StatisticsView.swift */,
			);
			path = Views;
			sourceTree = "<group>";
		};
		B8D488AC2BAF9458005A6CD5 /* Models */ = {
			isa = PBXGroup;
			children = (
				B88ABBC62B509D8A00CD9BD2 /* Transaction.swift */,
				B80054C52BADF0B400A9F33D /* Category.swift */,
			);
			path = Models;
			sourceTree = "<group>";
		};
		B8D488AD2BAF9685005A6CD5 /* Application */ = {
			isa = PBXGroup;
			children = (
				B8D488B02BAF98C1005A6CD5 /* Home */,
				B88A8D6A2BB8976500B4A67D /* Transaction */,
				B8D488AE2BAF9722005A6CD5 /* Main */,
			);
			path = Application;
			sourceTree = "<group>";
		};
		B8D488AE2BAF9722005A6CD5 /* Main */ = {
			isa = PBXGroup;
			children = (
				B88ABBB82B509B6100CD9BD2 /* mintyApp.swift */,
			);
			path = Main;
			sourceTree = "<group>";
		};
		B8D488AF2BAF98A5005A6CD5 /* Services */ = {
			isa = PBXGroup;
			children = (
				B8D488B12BAF9E16005A6CD5 /* DatabaseManager.swift */,
				B8D488B82BAFA021005A6CD5 /* Category */,
				B8D488B72BAFA014005A6CD5 /* Transaction */,
			);
			path = Services;
			sourceTree = "<group>";
		};
		B8D488B02BAF98C1005A6CD5 /* Home */ = {
			isa = PBXGroup;
			children = (
				B88ABBBA2B509B6100CD9BD2 /* ContentView.swift */,
				B8D488BB2BB0A8B4005A6CD5 /* CategoryViewModel.swift */,
				B8A40E512BD9BD6900B35DF1 /* FilterView.swift */,
			);
			path = Home;
			sourceTree = "<group>";
		};
		B8D488B72BAFA014005A6CD5 /* Transaction */ = {
			isa = PBXGroup;
			children = (
				B8D488B32BAF9EBF005A6CD5 /* TransactionManager.swift */,
			);
			path = Transaction;
			sourceTree = "<group>";
		};
		B8D488B82BAFA021005A6CD5 /* Category */ = {
			isa = PBXGroup;
			children = (
				B8D488B52BAF9FF1005A6CD5 /* CategoryManager.swift */,
			);
			path = Category;
			sourceTree = "<group>";
		};
		C51B4326961F447D65F2CF76 /* Pods */ = {
			isa = PBXGroup;
			children = (
				BA4F47FFADBC56C380920CD5 /* Pods-minty.debug.xcconfig */,
				957B4951114CA7BAC3FD7F75 /* Pods-minty.release.xcconfig */,
			);
			path = Pods;
			sourceTree = "<group>";
		};
/* End PBXGroup section */

/* Begin PBXNativeTarget section */
		B88ABBB42B509B6100CD9BD2 /* minty */ = {
			isa = PBXNativeTarget;
			buildConfigurationList = B88ABBC32B509B6200CD9BD2 /* Build configuration list for PBXNativeTarget "minty" */;
			buildPhases = (
				DBF1A7EB442BC66363B9DAAE /* [CP] Check Pods Manifest.lock */,
				B88ABBB12B509B6100CD9BD2 /* Sources */,
				B88ABBB22B509B6100CD9BD2 /* Frameworks */,
				B88ABBB32B509B6100CD9BD2 /* Resources */,
				C392866B72DE49716FBD9C15 /* [CP] Embed Pods Frameworks */,
			);
			buildRules = (
			);
			dependencies = (
			);
			name = minty;
			productName = minty;
			productReference = B88ABBB52B509B6100CD9BD2 /* minty.app */;
			productType = "com.apple.product-type.application";
		};
/* End PBXNativeTarget section */

/* Begin PBXProject section */
		B88ABBAD2B509B6100CD9BD2 /* Project object */ = {
			isa = PBXProject;
			attributes = {
				BuildIndependentTargetsInParallel = 1;
				LastSwiftUpdateCheck = 1430;
				LastUpgradeCheck = 1430;
				TargetAttributes = {
					B88ABBB42B509B6100CD9BD2 = {
						CreatedOnToolsVersion = 14.3.1;
					};
				};
			};
			buildConfigurationList = B88ABBB02B509B6100CD9BD2 /* Build configuration list for PBXProject "minty" */;
			compatibilityVersion = "Xcode 14.0";
			developmentRegion = en;
			hasScannedForEncodings = 0;
			knownRegions = (
				en,
				Base,
			);
			mainGroup = B88ABBAC2B509B6100CD9BD2;
			productRefGroup = B88ABBB62B509B6100CD9BD2 /* Products */;
			projectDirPath = "";
			projectRoot = "";
			targets = (
				B88ABBB42B509B6100CD9BD2 /* minty */,
			);
		};
/* End PBXProject section */

/* Begin PBXResourcesBuildPhase section */
		B88ABBB32B509B6100CD9BD2 /* Resources */ = {
			isa = PBXResourcesBuildPhase;
			buildActionMask = 2147483647;
			files = (
				B88ABBC02B509B6200CD9BD2 /* Preview Assets.xcassets in Resources */,
				B88ABBBD2B509B6200CD9BD2 /* Assets.xcassets in Resources */,
			);
			runOnlyForDeploymentPostprocessing = 0;
		};
/* End PBXResourcesBuildPhase section */

/* Begin PBXShellScriptBuildPhase section */
		C392866B72DE49716FBD9C15 /* [CP] Embed Pods Frameworks */ = {
			isa = PBXShellScriptBuildPhase;
			buildActionMask = 2147483647;
			files = (
			);
			inputFileListPaths = (
				"${PODS_ROOT}/Target Support Files/Pods-minty/Pods-minty-frameworks-${CONFIGURATION}-input-files.xcfilelist",
			);
			name = "[CP] Embed Pods Frameworks";
			outputFileListPaths = (
				"${PODS_ROOT}/Target Support Files/Pods-minty/Pods-minty-frameworks-${CONFIGURATION}-output-files.xcfilelist",
			);
			runOnlyForDeploymentPostprocessing = 0;
			shellPath = /bin/sh;
			shellScript = "\"${PODS_ROOT}/Target Support Files/Pods-minty/Pods-minty-frameworks.sh\"\n";
			showEnvVarsInLog = 0;
		};
		DBF1A7EB442BC66363B9DAAE /* [CP] Check Pods Manifest.lock */ = {
			isa = PBXShellScriptBuildPhase;
			buildActionMask = 2147483647;
			files = (
			);
			inputFileListPaths = (
			);
			inputPaths = (
				"${PODS_PODFILE_DIR_PATH}/Podfile.lock",
				"${PODS_ROOT}/Manifest.lock",
			);
			name = "[CP] Check Pods Manifest.lock";
			outputFileListPaths = (
			);
			outputPaths = (
				"$(DERIVED_FILE_DIR)/Pods-minty-checkManifestLockResult.txt",
			);
			runOnlyForDeploymentPostprocessing = 0;
			shellPath = /bin/sh;
			shellScript = "diff \"${PODS_PODFILE_DIR_PATH}/Podfile.lock\" \"${PODS_ROOT}/Manifest.lock\" > /dev/null\nif [ $? != 0 ] ; then\n    # print error to STDERR\n    echo \"error: The sandbox is not in sync with the Podfile.lock. Run 'pod install' or update your CocoaPods installation.\" >&2\n    exit 1\nfi\n# This output is used by Xcode 'outputs' to avoid re-running this script phase.\necho \"SUCCESS\" > \"${SCRIPT_OUTPUT_FILE_0}\"\n";
			showEnvVarsInLog = 0;
		};
/* End PBXShellScriptBuildPhase section */

/* Begin PBXSourcesBuildPhase section */
		B88ABBB12B509B6100CD9BD2 /* Sources */ = {
			isa = PBXSourcesBuildPhase;
			buildActionMask = 2147483647;
			files = (
				B8A40E522BD9BD6900B35DF1 /* FilterView.swift in Sources */,
				B864672E2BDDF0ED00A8975D /* StatisticsView.swift in Sources */,
				B80054C62BADF0B400A9F33D /* Category.swift in Sources */,
				B8D488B62BAF9FF1005A6CD5 /* CategoryManager.swift in Sources */,
				B8D488BC2BB0A8B4005A6CD5 /* CategoryViewModel.swift in Sources */,
				B88ABBBB2B509B6100CD9BD2 /* ContentView.swift in Sources */,
				B8D488B42BAF9EBF005A6CD5 /* TransactionManager.swift in Sources */,
				B88ABBB92B509B6100CD9BD2 /* mintyApp.swift in Sources */,
				B88ABBC72B509D8A00CD9BD2 /* Transaction.swift in Sources */,
				B8A40E552BD9CBF200B35DF1 /* DatePickerOptional.swift in Sources */,
				B8D488B22BAF9E16005A6CD5 /* DatabaseManager.swift in Sources */,
				B8D488BA2BAFA923005A6CD5 /* TransactionViewModel.swift in Sources */,
				B88A8D6C2BB8979100B4A67D /* TransactionDetailsView.swift in Sources */,
				B88A8D6E2BB89E7D00B4A67D /* EditTransactionView.swift in Sources */,
			);
			runOnlyForDeploymentPostprocessing = 0;
		};
/* End PBXSourcesBuildPhase section */

/* Begin XCBuildConfiguration section */
		B88ABBC12B509B6200CD9BD2 /* Debug */ = {
			isa = XCBuildConfiguration;
			buildSettings = {
				ALWAYS_SEARCH_USER_PATHS = NO;
				CLANG_ANALYZER_NONNULL = YES;
				CLANG_ANALYZER_NUMBER_OBJECT_CONVERSION = YES_AGGRESSIVE;
				CLANG_CXX_LANGUAGE_STANDARD = "gnu++20";
				CLANG_ENABLE_MODULES = YES;
				CLANG_ENABLE_OBJC_ARC = YES;
				CLANG_ENABLE_OBJC_WEAK = YES;
				CLANG_WARN_BLOCK_CAPTURE_AUTORELEASING = YES;
				CLANG_WARN_BOOL_CONVERSION = YES;
				CLANG_WARN_COMMA = YES;
				CLANG_WARN_CONSTANT_CONVERSION = YES;
				CLANG_WARN_DEPRECATED_OBJC_IMPLEMENTATIONS = YES;
				CLANG_WARN_DIRECT_OBJC_ISA_USAGE = YES_ERROR;
				CLANG_WARN_DOCUMENTATION_COMMENTS = YES;
				CLANG_WARN_EMPTY_BODY = YES;
				CLANG_WARN_ENUM_CONVERSION = YES;
				CLANG_WARN_INFINITE_RECURSION = YES;
				CLANG_WARN_INT_CONVERSION = YES;
				CLANG_WARN_NON_LITERAL_NULL_CONVERSION = YES;
				CLANG_WARN_OBJC_IMPLICIT_RETAIN_SELF = YES;
				CLANG_WARN_OBJC_LITERAL_CONVERSION = YES;
				CLANG_WARN_OBJC_ROOT_CLASS = YES_ERROR;
				CLANG_WARN_QUOTED_INCLUDE_IN_FRAMEWORK_HEADER = YES;
				CLANG_WARN_RANGE_LOOP_ANALYSIS = YES;
				CLANG_WARN_STRICT_PROTOTYPES = YES;
				CLANG_WARN_SUSPICIOUS_MOVE = YES;
				CLANG_WARN_UNGUARDED_AVAILABILITY = YES_AGGRESSIVE;
				CLANG_WARN_UNREACHABLE_CODE = YES;
				CLANG_WARN__DUPLICATE_METHOD_MATCH = YES;
				COPY_PHASE_STRIP = NO;
				DEBUG_INFORMATION_FORMAT = dwarf;
				ENABLE_STRICT_OBJC_MSGSEND = YES;
				ENABLE_TESTABILITY = YES;
				GCC_C_LANGUAGE_STANDARD = gnu11;
				GCC_DYNAMIC_NO_PIC = NO;
				GCC_NO_COMMON_BLOCKS = YES;
				GCC_OPTIMIZATION_LEVEL = 0;
				GCC_PREPROCESSOR_DEFINITIONS = (
					"DEBUG=1",
					"$(inherited)",
				);
				GCC_WARN_64_TO_32_BIT_CONVERSION = YES;
				GCC_WARN_ABOUT_RETURN_TYPE = YES_ERROR;
				GCC_WARN_UNDECLARED_SELECTOR = YES;
				GCC_WARN_UNINITIALIZED_AUTOS = YES_AGGRESSIVE;
				GCC_WARN_UNUSED_FUNCTION = YES;
				GCC_WARN_UNUSED_VARIABLE = YES;
				IPHONEOS_DEPLOYMENT_TARGET = 16.0;
				MTL_ENABLE_DEBUG_INFO = INCLUDE_SOURCE;
				MTL_FAST_MATH = YES;
				ONLY_ACTIVE_ARCH = YES;
				SDKROOT = iphoneos;
				SWIFT_ACTIVE_COMPILATION_CONDITIONS = DEBUG;
				SWIFT_OPTIMIZATION_LEVEL = "-Onone";
			};
			name = Debug;
		};
		B88ABBC22B509B6200CD9BD2 /* Release */ = {
			isa = XCBuildConfiguration;
			buildSettings = {
				ALWAYS_SEARCH_USER_PATHS = NO;
				CLANG_ANALYZER_NONNULL = YES;
				CLANG_ANALYZER_NUMBER_OBJECT_CONVERSION = YES_AGGRESSIVE;
				CLANG_CXX_LANGUAGE_STANDARD = "gnu++20";
				CLANG_ENABLE_MODULES = YES;
				CLANG_ENABLE_OBJC_ARC = YES;
				CLANG_ENABLE_OBJC_WEAK = YES;
				CLANG_WARN_BLOCK_CAPTURE_AUTORELEASING = YES;
				CLANG_WARN_BOOL_CONVERSION = YES;
				CLANG_WARN_COMMA = YES;
				CLANG_WARN_CONSTANT_CONVERSION = YES;
				CLANG_WARN_DEPRECATED_OBJC_IMPLEMENTATIONS = YES;
				CLANG_WARN_DIRECT_OBJC_ISA_USAGE = YES_ERROR;
				CLANG_WARN_DOCUMENTATION_COMMENTS = YES;
				CLANG_WARN_EMPTY_BODY = YES;
				CLANG_WARN_ENUM_CONVERSION = YES;
				CLANG_WARN_INFINITE_RECURSION = YES;
				CLANG_WARN_INT_CONVERSION = YES;
				CLANG_WARN_NON_LITERAL_NULL_CONVERSION = YES;
				CLANG_WARN_OBJC_IMPLICIT_RETAIN_SELF = YES;
				CLANG_WARN_OBJC_LITERAL_CONVERSION = YES;
				CLANG_WARN_OBJC_ROOT_CLASS = YES_ERROR;
				CLANG_WARN_QUOTED_INCLUDE_IN_FRAMEWORK_HEADER = YES;
				CLANG_WARN_RANGE_LOOP_ANALYSIS = YES;
				CLANG_WARN_STRICT_PROTOTYPES = YES;
				CLANG_WARN_SUSPICIOUS_MOVE = YES;
				CLANG_WARN_UNGUARDED_AVAILABILITY = YES_AGGRESSIVE;
				CLANG_WARN_UNREACHABLE_CODE = YES;
				CLANG_WARN__DUPLICATE_METHOD_MATCH = YES;
				COPY_PHASE_STRIP = NO;
				DEBUG_INFORMATION_FORMAT = "dwarf-with-dsym";
				ENABLE_NS_ASSERTIONS = NO;
				ENABLE_STRICT_OBJC_MSGSEND = YES;
				GCC_C_LANGUAGE_STANDARD = gnu11;
				GCC_NO_COMMON_BLOCKS = YES;
				GCC_WARN_64_TO_32_BIT_CONVERSION = YES;
				GCC_WARN_ABOUT_RETURN_TYPE = YES_ERROR;
				GCC_WARN_UNDECLARED_SELECTOR = YES;
				GCC_WARN_UNINITIALIZED_AUTOS = YES_AGGRESSIVE;
				GCC_WARN_UNUSED_FUNCTION = YES;
				GCC_WARN_UNUSED_VARIABLE = YES;
				IPHONEOS_DEPLOYMENT_TARGET = 16.0;
				MTL_ENABLE_DEBUG_INFO = NO;
				MTL_FAST_MATH = YES;
				SDKROOT = iphoneos;
				SWIFT_COMPILATION_MODE = wholemodule;
				SWIFT_OPTIMIZATION_LEVEL = "-O";
				VALIDATE_PRODUCT = YES;
			};
			name = Release;
		};
		B88ABBC42B509B6200CD9BD2 /* Debug */ = {
			isa = XCBuildConfiguration;
			baseConfigurationReference = BA4F47FFADBC56C380920CD5 /* Pods-minty.debug.xcconfig */;
			buildSettings = {
				ASSETCATALOG_COMPILER_APPICON_NAME = AppIcon;
				ASSETCATALOG_COMPILER_GLOBAL_ACCENT_COLOR_NAME = AccentColor;
				CODE_SIGN_STYLE = Automatic;
				CURRENT_PROJECT_VERSION = 1;
				DEVELOPMENT_ASSET_PATHS = "\"Preview Content\"";
				DEVELOPMENT_TEAM = W57MHF2MU2;
				ENABLE_PREVIEWS = YES;
				GENERATE_INFOPLIST_FILE = YES;
				INFOPLIST_KEY_LSApplicationCategoryType = "public.app-category.finance";
				INFOPLIST_KEY_UIApplicationSceneManifest_Generation = YES;
				INFOPLIST_KEY_UIApplicationSupportsIndirectInputEvents = YES;
				INFOPLIST_KEY_UILaunchScreen_Generation = YES;
				INFOPLIST_KEY_UISupportedInterfaceOrientations = UIInterfaceOrientationPortrait;
				IPHONEOS_DEPLOYMENT_TARGET = 16.0;
				LD_RUNPATH_SEARCH_PATHS = (
					"$(inherited)",
					"@executable_path/Frameworks",
				);
				MARKETING_VERSION = 1.0;
				PRODUCT_BUNDLE_IDENTIFIER = com.jacobbeene.minty;
				PRODUCT_NAME = "$(TARGET_NAME)";
				SUPPORTED_PLATFORMS = "iphoneos iphonesimulator";
				SUPPORTS_MACCATALYST = NO;
				SUPPORTS_MAC_DESIGNED_FOR_IPHONE_IPAD = YES;
				SWIFT_EMIT_LOC_STRINGS = YES;
				SWIFT_VERSION = 5.0;
				TARGETED_DEVICE_FAMILY = "1,2";
			};
			name = Debug;
		};
		B88ABBC52B509B6200CD9BD2 /* Release */ = {
			isa = XCBuildConfiguration;
			baseConfigurationReference = 957B4951114CA7BAC3FD7F75 /* Pods-minty.release.xcconfig */;
			buildSettings = {
				ASSETCATALOG_COMPILER_APPICON_NAME = AppIcon;
				ASSETCATALOG_COMPILER_GLOBAL_ACCENT_COLOR_NAME = AccentColor;
				CODE_SIGN_STYLE = Automatic;
				CURRENT_PROJECT_VERSION = 1;
				DEVELOPMENT_ASSET_PATHS = "\"Preview Content\"";
				DEVELOPMENT_TEAM = W57MHF2MU2;
				ENABLE_PREVIEWS = YES;
				GENERATE_INFOPLIST_FILE = YES;
				INFOPLIST_KEY_LSApplicationCategoryType = "public.app-category.finance";
				INFOPLIST_KEY_UIApplicationSceneManifest_Generation = YES;
				INFOPLIST_KEY_UIApplicationSupportsIndirectInputEvents = YES;
				INFOPLIST_KEY_UILaunchScreen_Generation = YES;
				INFOPLIST_KEY_UISupportedInterfaceOrientations = UIInterfaceOrientationPortrait;
				IPHONEOS_DEPLOYMENT_TARGET = 16.0;
				LD_RUNPATH_SEARCH_PATHS = (
					"$(inherited)",
					"@executable_path/Frameworks",
				);
				MARKETING_VERSION = 1.0;
				PRODUCT_BUNDLE_IDENTIFIER = com.jacobbeene.minty;
				PRODUCT_NAME = "$(TARGET_NAME)";
				SUPPORTED_PLATFORMS = "iphoneos iphonesimulator";
				SUPPORTS_MACCATALYST = NO;
				SUPPORTS_MAC_DESIGNED_FOR_IPHONE_IPAD = YES;
				SWIFT_EMIT_LOC_STRINGS = YES;
				SWIFT_VERSION = 5.0;
				TARGETED_DEVICE_FAMILY = "1,2";
			};
			name = Release;
		};
/* End XCBuildConfiguration section */

/* Begin XCConfigurationList section */
		B88ABBB02B509B6100CD9BD2 /* Build configuration list for PBXProject "minty" */ = {
			isa = XCConfigurationList;
			buildConfigurations = (
				B88ABBC12B509B6200CD9BD2 /* Debug */,
				B88ABBC22B509B6200CD9BD2 /* Release */,
			);
			defaultConfigurationIsVisible = 0;
			defaultConfigurationName = Release;
		};
		B88ABBC32B509B6200CD9BD2 /* Build configuration list for PBXNativeTarget "minty" */ = {
			isa = XCConfigurationList;
			buildConfigurations = (
				B88ABBC42B509B6200CD9BD2 /* Debug */,
				B88ABBC52B509B6200CD9BD2 /* Release */,
			);
			defaultConfigurationIsVisible = 0;
			defaultConfigurationName = Release;
		};
/* End XCConfigurationList section */
	};
	rootObject = B88ABBAD2B509B6100CD9BD2 /* Project object */;
}
